
Microsoft Visual Studio Solution File, Format Version 12.00
# Visual Studio Version 17
VisualStudioVersion = 17.11.35222.181
MinimumVisualStudioVersion = 10.0.40219.1
Project("{FAE04EC0-301F-11D3-BF4B-00C04F79EFBC}") = "JsonConverter", "JsonConverter\JsonConverter.csproj", "{26AF722A-39A9-42B9-BB21-DCF62B4F803F}"
EndProject
Global
	GlobalSection(SolutionConfigurationPlatforms) = preSolution
		Debug|Any CPU = Debug|Any CPU
		Release|Any CPU = Release|Any CPU
	EndGlobalSection
	GlobalSection(ProjectConfigurationPlatforms) = postSolution
		{26AF722A-39A9-42B9-BB21-DCF62B4F803F}.Debug|Any CPU.ActiveCfg = Debug|Any CPU
		{26AF722A-39A9-42B9-BB21-DCF62B4F803F}.Debug|Any CPU.Build.0 = Debug|Any CPU
		{26AF722A-39A9-42B9-BB21-DCF62B4F803F}.Release|Any CPU.ActiveCfg = Release|Any CPU
		{26AF722A-39A9-42B9-BB21-DCF62B4F803F}.Release|Any CPU.Build.0 = Release|Any CPU
	EndGlobalSection
	GlobalSection(SolutionProperties) = preSolution
		HideSolutionNode = FALSE
	EndGlobalSection
	GlobalSection(ExtensibilityGlobals) = postSolution
		SolutionGuid = {426445EB-54C1-46F4-B1F6-C70AB45F9D1C}
	EndGlobalSection
EndGlobal
